{
  "pins" : [
    {
      "identity" : "cartography",
      "kind" : "remoteSourceControl",
      "location" : "https://github.com/robb/Cartography",
      "state" : {
        "revision" : "b75197ea134f42b5feafb04b526b37eb1a41034b",
        "version" : "4.0.0"
      }
    },
    {
      "identity" : "dittoswiftpackage",
      "kind" : "remoteSourceControl",
      "location" : "https://github.com/getditto/DittoSwiftPackage",
      "state" : {
        "revision" : "186f68c30bd8e5837357ed97dc3e97019a1cbc56",
        "version" : "4.2.1"
      }
    },
    {
      "identity" : "dittoswifttools",
      "kind" : "remoteSourceControl",
      "location" : "https://github.com/getditto/DittoSwiftTools",
      "state" : {
        "branch" : "v4",
        "revision" : "146d0f7d63aa80f6fc6756b93c6a8d0f6cbca2e9"
      }
    },
    {
      "identity" : "swift-collections",
      "kind" : "remoteSourceControl",
      "location" : "https://github.com/apple/swift-collections",
      "state" : {
        "revision" : "937e904258d22af6e447a0b72c0bc67583ef64a2",
        "version" : "1.0.4"
      }
    }
  ],
  "version" : 2
}
